
Microsoft Visual Studio Solution File, Format Version 12.00
# Visual Studio Version 17
VisualStudioVersion = 17.5.33414.496
MinimumVisualStudioVersion = 10.0.40219.1
Project("{9A19103F-16F7-4668-BE54-9A1E7A4F7556}") = "Controller", "Controller.csproj", "{A9AA475B-9A14-4ECF-A86A-7BA5D08C6FBA}"
EndProject
Project("{FAE04EC0-301F-11D3-BF4B-00C04F79EFBC}") = "Repository", "..\Repository\Repository.csproj", "{3212E652-ACD6-45E5-BEC5-19FD96916908}"
EndProject
Project("{FAE04EC0-301F-11D3-BF4B-00C04F79EFBC}") = "Domain", "..\Domain\Domain.csproj", "{3FBC2FE2-9D37-4203-BE99-91D3829D2C9B}"
EndProject
Global
	GlobalSection(SolutionConfigurationPlatforms) = preSolution
		Debug|Any CPU = Debug|Any CPU
		Release|Any CPU = Release|Any CPU
	EndGlobalSection
	GlobalSection(ProjectConfigurationPlatforms) = postSolution
		{A9AA475B-9A14-4ECF-A86A-7BA5D08C6FBA}.Debug|Any CPU.ActiveCfg = Debug|Any CPU
		{A9AA475B-9A14-4ECF-A86A-7BA5D08C6FBA}.Debug|Any CPU.Build.0 = Debug|Any CPU
		{A9AA475B-9A14-4ECF-A86A-7BA5D08C6FBA}.Release|Any CPU.ActiveCfg = Release|Any CPU
		{A9AA475B-9A14-4ECF-A86A-7BA5D08C6FBA}.Release|Any CPU.Build.0 = Release|Any CPU
		{3212E652-ACD6-45E5-BEC5-19FD96916908}.Debug|Any CPU.ActiveCfg = Debug|Any CPU
		{3212E652-ACD6-45E5-BEC5-19FD96916908}.Debug|Any CPU.Build.0 = Debug|Any CPU
		{3212E652-ACD6-45E5-BEC5-19FD96916908}.Release|Any CPU.ActiveCfg = Release|Any CPU
		{3212E652-ACD6-45E5-BEC5-19FD96916908}.Release|Any CPU.Build.0 = Release|Any CPU
		{3FBC2FE2-9D37-4203-BE99-91D3829D2C9B}.Debug|Any CPU.ActiveCfg = Debug|Any CPU
		{3FBC2FE2-9D37-4203-BE99-91D3829D2C9B}.Debug|Any CPU.Build.0 = Debug|Any CPU
		{3FBC2FE2-9D37-4203-BE99-91D3829D2C9B}.Release|Any CPU.ActiveCfg = Release|Any CPU
		{3FBC2FE2-9D37-4203-BE99-91D3829D2C9B}.Release|Any CPU.Build.0 = Release|Any CPU
	EndGlobalSection
	GlobalSection(SolutionProperties) = preSolution
		HideSolutionNode = FALSE
	EndGlobalSection
	GlobalSection(ExtensibilityGlobals) = postSolution
		SolutionGuid = {8408B764-0983-4F72-AD81-FD9E79C983AC}
	EndGlobalSection
EndGlobal
